
Microsoft Visual Studio Solution File, Format Version 11.00
# Visual Studio 2010
Project("{FAE04EC0-301F-11D3-BF4B-00C04F79EFBC}") = "Detector Web Site 3.5", "Detector Web Site\Detector Web Site 3.5.csproj", "{A0A7C5CE-1B06-4BB3-AB9D-DB055C6EDF69}"
EndProject
Project("{FAE04EC0-301F-11D3-BF4B-00C04F79EFBC}") = "FiftyOne.Foundation 3.5", "FoundationV3\FiftyOne.Foundation 3.5.csproj", "{9D658044-FB65-4939-8449-A3A1DEBBB31A}"
EndProject
Global
	GlobalSection(SolutionConfigurationPlatforms) = preSolution
		Debug|Any CPU = Debug|Any CPU
		Debug|x64 = Debug|x64
		Release|Any CPU = Release|Any CPU
		Release|x64 = Release|x64
	EndGlobalSection
	GlobalSection(ProjectConfigurationPlatforms) = postSolution
		{A0A7C5CE-1B06-4BB3-AB9D-DB055C6EDF69}.Debug|Any CPU.ActiveCfg = Debug|Any CPU
		{A0A7C5CE-1B06-4BB3-AB9D-DB055C6EDF69}.Debug|Any CPU.Build.0 = Debug|Any CPU
		{A0A7C5CE-1B06-4BB3-AB9D-DB055C6EDF69}.Debug|x64.ActiveCfg = Debug|Any CPU
		{A0A7C5CE-1B06-4BB3-AB9D-DB055C6EDF69}.Release|Any CPU.ActiveCfg = Release|Any CPU
		{A0A7C5CE-1B06-4BB3-AB9D-DB055C6EDF69}.Release|Any CPU.Build.0 = Release|Any CPU
		{A0A7C5CE-1B06-4BB3-AB9D-DB055C6EDF69}.Release|x64.ActiveCfg = Release|Any CPU
		{9D658044-FB65-4939-8449-A3A1DEBBB31A}.Debug|Any CPU.ActiveCfg = Debug|Any CPU
		{9D658044-FB65-4939-8449-A3A1DEBBB31A}.Debug|Any CPU.Build.0 = Debug|Any CPU
		{9D658044-FB65-4939-8449-A3A1DEBBB31A}.Debug|x64.ActiveCfg = Debug|x64
		{9D658044-FB65-4939-8449-A3A1DEBBB31A}.Debug|x64.Build.0 = Debug|x64
		{9D658044-FB65-4939-8449-A3A1DEBBB31A}.Release|Any CPU.ActiveCfg = Release|Any CPU
		{9D658044-FB65-4939-8449-A3A1DEBBB31A}.Release|Any CPU.Build.0 = Release|Any CPU
		{9D658044-FB65-4939-8449-A3A1DEBBB31A}.Release|x64.ActiveCfg = Release|x64
		{9D658044-FB65-4939-8449-A3A1DEBBB31A}.Release|x64.Build.0 = Release|x64
	EndGlobalSection
	GlobalSection(SolutionProperties) = preSolution
		HideSolutionNode = FALSE
	EndGlobalSection
EndGlobal
