
Microsoft Visual Studio Solution File, Format Version 12.00
# Visual Studio 2013
VisualStudioVersion = 12.0.30723.0
MinimumVisualStudioVersion = 10.0.40219.1
Project("{FAE04EC0-301F-11D3-BF4B-00C04F79EFBC}") = "Detector Web Site 4", "Detector Web Site\Detector Web Site 4.csproj", "{A0A7C5CE-1B06-4BB3-AB9D-DB055C6EDF69}"
EndProject
Project("{FAE04EC0-301F-11D3-BF4B-00C04F79EFBC}") = "FiftyOne.Foundation 4", "FoundationV3\FiftyOne.Foundation 4.csproj", "{9D658044-FB65-4939-8449-A3A1DEBBB31A}"
EndProject
Project("{FAE04EC0-301F-11D3-BF4B-00C04F79EFBC}") = "UnitTests", "UnitTests\UnitTests.csproj", "{1211A461-73CA-4D7E-86A7-983540F12539}"
EndProject
Project("{2150E333-8FDC-42A3-9474-1A3956D46DE8}") = "Data", "Data", "{403E28D4-A922-40D4-822B-4FA005B595AD}"
	ProjectSection(SolutionItems) = preProject
		data\20000 User Agents.csv = data\20000 User Agents.csv
		data\51Degrees-Lite.trie = data\51Degrees-Lite.trie
		data\51Degrees-LiteV3.1.dat = data\51Degrees-LiteV3.1.dat
		data\51Degrees-LiteV3.2.dat = data\51Degrees-LiteV3.2.dat
	EndProjectSection
EndProject
Project("{2150E333-8FDC-42A3-9474-1A3956D46DE8}") = "Solution Items", "Solution Items", "{EBC6D6F8-B501-40CD-9C1B-482441E48D1E}"
	ProjectSection(SolutionItems) = preProject
		LICENSE = LICENSE
		README.md = README.md
	EndProjectSection
EndProject
Global
	GlobalSection(SolutionConfigurationPlatforms) = preSolution
		Debug|Any CPU = Debug|Any CPU
		Debug|Mixed Platforms = Debug|Mixed Platforms
		Debug|Win32 = Debug|Win32
		Debug|x64 = Debug|x64
		Debug|x86 = Debug|x86
		Release|Any CPU = Release|Any CPU
		Release|Mixed Platforms = Release|Mixed Platforms
		Release|Win32 = Release|Win32
		Release|x64 = Release|x64
		Release|x86 = Release|x86
	EndGlobalSection
	GlobalSection(ProjectConfigurationPlatforms) = postSolution
		{A0A7C5CE-1B06-4BB3-AB9D-DB055C6EDF69}.Debug|Any CPU.ActiveCfg = Debug|Any CPU
		{A0A7C5CE-1B06-4BB3-AB9D-DB055C6EDF69}.Debug|Any CPU.Build.0 = Debug|Any CPU
		{A0A7C5CE-1B06-4BB3-AB9D-DB055C6EDF69}.Debug|Mixed Platforms.ActiveCfg = Debug|Any CPU
		{A0A7C5CE-1B06-4BB3-AB9D-DB055C6EDF69}.Debug|Mixed Platforms.Build.0 = Debug|Any CPU
		{A0A7C5CE-1B06-4BB3-AB9D-DB055C6EDF69}.Debug|Win32.ActiveCfg = Debug|Any CPU
		{A0A7C5CE-1B06-4BB3-AB9D-DB055C6EDF69}.Debug|x64.ActiveCfg = Debug|Any CPU
		{A0A7C5CE-1B06-4BB3-AB9D-DB055C6EDF69}.Debug|x86.ActiveCfg = Debug|Any CPU
		{A0A7C5CE-1B06-4BB3-AB9D-DB055C6EDF69}.Release|Any CPU.ActiveCfg = Release|Any CPU
		{A0A7C5CE-1B06-4BB3-AB9D-DB055C6EDF69}.Release|Any CPU.Build.0 = Release|Any CPU
		{A0A7C5CE-1B06-4BB3-AB9D-DB055C6EDF69}.Release|Mixed Platforms.ActiveCfg = Release|Any CPU
		{A0A7C5CE-1B06-4BB3-AB9D-DB055C6EDF69}.Release|Mixed Platforms.Build.0 = Release|Any CPU
		{A0A7C5CE-1B06-4BB3-AB9D-DB055C6EDF69}.Release|Win32.ActiveCfg = Release|Any CPU
		{A0A7C5CE-1B06-4BB3-AB9D-DB055C6EDF69}.Release|x64.ActiveCfg = Release|Any CPU
		{A0A7C5CE-1B06-4BB3-AB9D-DB055C6EDF69}.Release|x86.ActiveCfg = Release|Any CPU
		{9D658044-FB65-4939-8449-A3A1DEBBB31A}.Debug|Any CPU.ActiveCfg = Debug|Any CPU
		{9D658044-FB65-4939-8449-A3A1DEBBB31A}.Debug|Any CPU.Build.0 = Debug|Any CPU
		{9D658044-FB65-4939-8449-A3A1DEBBB31A}.Debug|Mixed Platforms.ActiveCfg = Debug|Any CPU
		{9D658044-FB65-4939-8449-A3A1DEBBB31A}.Debug|Mixed Platforms.Build.0 = Debug|Any CPU
		{9D658044-FB65-4939-8449-A3A1DEBBB31A}.Debug|Win32.ActiveCfg = Debug|Any CPU
		{9D658044-FB65-4939-8449-A3A1DEBBB31A}.Debug|x64.ActiveCfg = Debug|x64
		{9D658044-FB65-4939-8449-A3A1DEBBB31A}.Debug|x64.Build.0 = Debug|x64
		{9D658044-FB65-4939-8449-A3A1DEBBB31A}.Debug|x86.ActiveCfg = Debug|x64
		{9D658044-FB65-4939-8449-A3A1DEBBB31A}.Release|Any CPU.ActiveCfg = Release|Any CPU
		{9D658044-FB65-4939-8449-A3A1DEBBB31A}.Release|Any CPU.Build.0 = Release|Any CPU
		{9D658044-FB65-4939-8449-A3A1DEBBB31A}.Release|Mixed Platforms.ActiveCfg = Release|Any CPU
		{9D658044-FB65-4939-8449-A3A1DEBBB31A}.Release|Mixed Platforms.Build.0 = Release|Any CPU
		{9D658044-FB65-4939-8449-A3A1DEBBB31A}.Release|Win32.ActiveCfg = Release|Any CPU
		{9D658044-FB65-4939-8449-A3A1DEBBB31A}.Release|x64.ActiveCfg = Release|x64
		{9D658044-FB65-4939-8449-A3A1DEBBB31A}.Release|x64.Build.0 = Release|x64
		{9D658044-FB65-4939-8449-A3A1DEBBB31A}.Release|x86.ActiveCfg = Release|x64
		{1211A461-73CA-4D7E-86A7-983540F12539}.Debug|Any CPU.ActiveCfg = Debug|Any CPU
		{1211A461-73CA-4D7E-86A7-983540F12539}.Debug|Any CPU.Build.0 = Debug|Any CPU
		{1211A461-73CA-4D7E-86A7-983540F12539}.Debug|Mixed Platforms.ActiveCfg = Debug|Any CPU
		{1211A461-73CA-4D7E-86A7-983540F12539}.Debug|Mixed Platforms.Build.0 = Debug|Any CPU
		{1211A461-73CA-4D7E-86A7-983540F12539}.Debug|Win32.ActiveCfg = Debug|Any CPU
		{1211A461-73CA-4D7E-86A7-983540F12539}.Debug|x64.ActiveCfg = Debug|Any CPU
		{1211A461-73CA-4D7E-86A7-983540F12539}.Debug|x86.ActiveCfg = Debug|Any CPU
		{1211A461-73CA-4D7E-86A7-983540F12539}.Release|Any CPU.ActiveCfg = Release|Any CPU
		{1211A461-73CA-4D7E-86A7-983540F12539}.Release|Any CPU.Build.0 = Release|Any CPU
		{1211A461-73CA-4D7E-86A7-983540F12539}.Release|Mixed Platforms.ActiveCfg = Release|Any CPU
		{1211A461-73CA-4D7E-86A7-983540F12539}.Release|Mixed Platforms.Build.0 = Release|Any CPU
		{1211A461-73CA-4D7E-86A7-983540F12539}.Release|Win32.ActiveCfg = Release|Any CPU
		{1211A461-73CA-4D7E-86A7-983540F12539}.Release|x64.ActiveCfg = Release|Any CPU
		{1211A461-73CA-4D7E-86A7-983540F12539}.Release|x86.ActiveCfg = Release|Any CPU
	EndGlobalSection
	GlobalSection(SolutionProperties) = preSolution
		HideSolutionNode = FALSE
	EndGlobalSection
EndGlobal
