
Microsoft Visual Studio Solution File, Format Version 12.00
# Visual Studio 14
VisualStudioVersion = 14.0.25420.1
MinimumVisualStudioVersion = 10.0.40219.1
Project("{FAE04EC0-301F-11D3-BF4B-00C04F79EFBC}") = "Detector Web Site 4", "Detector Web Site\Detector Web Site 4.csproj", "{A0A7C5CE-1B06-4BB3-AB9D-DB055C6EDF69}"
EndProject
Project("{FAE04EC0-301F-11D3-BF4B-00C04F79EFBC}") = "FiftyOne.Foundation 4", "FoundationV3\FiftyOne.Foundation 4.csproj", "{9D658044-FB65-4939-8449-A3A1DEBBB31A}"
EndProject
Project("{2150E333-8FDC-42A3-9474-1A3956D46DE8}") = "Data", "Data", "{403E28D4-A922-40D4-822B-4FA005B595AD}"
	ProjectSection(SolutionItems) = preProject
		data\20000 User Agents.csv = data\20000 User Agents.csv
		data\51Degrees-LiteV3.0.trie = data\51Degrees-LiteV3.0.trie
		data\51Degrees-LiteV3.1.dat = data\51Degrees-LiteV3.1.dat
		data\51Degrees-LiteV3.2.dat = data\51Degrees-LiteV3.2.dat
		data\51Degrees-LiteV3.2.trie = data\51Degrees-LiteV3.2.trie
		data\README.md = data\README.md
	EndProjectSection
EndProject
Project("{2150E333-8FDC-42A3-9474-1A3956D46DE8}") = "Solution Items", "Solution Items", "{EBC6D6F8-B501-40CD-9C1B-482441E48D1E}"
	ProjectSection(SolutionItems) = preProject
		LICENSE = LICENSE
		README.md = README.md
	EndProjectSection
EndProject
Project("{FAE04EC0-301F-11D3-BF4B-00C04F79EFBC}") = "Integration Tests", "Integration Tests\Integration Tests.csproj", "{1211A461-73CA-4D7E-86A7-983540F12539}"
EndProject
Project("{FAE04EC0-301F-11D3-BF4B-00C04F79EFBC}") = "Unit Tests", "Unit Tests\Unit Tests.csproj", "{6535DE09-9EFF-4876-9D65-6483EFD453AD}"
EndProject
Project("{2150E333-8FDC-42A3-9474-1A3956D46DE8}") = ".nuget", ".nuget", "{FB36D6B4-CE9E-4ACD-A592-714945E99B59}"
	ProjectSection(SolutionItems) = preProject
		.nuget\NuGet.Config = .nuget\NuGet.Config
		.nuget\NuGet.exe = .nuget\NuGet.exe
		.nuget\NuGet.targets = .nuget\NuGet.targets
	EndProjectSection
EndProject
Project("{2150E333-8FDC-42A3-9474-1A3956D46DE8}") = "Tests", "Tests", "{03574514-2DED-49C5-BC2E-CA9F877A5108}"
EndProject
Project("{FAE04EC0-301F-11D3-BF4B-00C04F79EFBC}") = "Examples Tests", "Examples Tests\Examples Tests.csproj", "{324F06B4-50D5-4F6E-9DEE-2DA05B2B3B18}"
EndProject
Project("{2150E333-8FDC-42A3-9474-1A3956D46DE8}") = "Examples", "Examples", "{1AB29287-EBE4-42DD-BCF6-95E5D1158E4C}"
EndProject
Project("{FAE04EC0-301F-11D3-BF4B-00C04F79EFBC}") = "Match Metrics", "Examples\Match Metrics\Match Metrics.csproj", "{069D6175-9007-40DD-A313-F63C9377A680}"
EndProject
Project("{FAE04EC0-301F-11D3-BF4B-00C04F79EFBC}") = "Offline Processing", "Examples\Offline Processing\Offline Processing.csproj", "{FB500454-EC93-4FEA-BDD8-FBA018EF2C3C}"
EndProject
Project("{FAE04EC0-301F-11D3-BF4B-00C04F79EFBC}") = "Strongly Typed", "Examples\Strongly Typed\Strongly Typed.csproj", "{DBA7559B-EF3C-496D-BDC7-9EF76A5D3EB9}"
EndProject
Project("{FAE04EC0-301F-11D3-BF4B-00C04F79EFBC}") = "Getting Started", "Examples\Getting Started\Getting Started.csproj", "{091CBBA9-94C4-486B-B630-6533E787A489}"
EndProject
Project("{FAE04EC0-301F-11D3-BF4B-00C04F79EFBC}") = "Match For Device Id", "Examples\Match For Device Id\Match For Device Id.csproj", "{9BD47A7B-6D73-46BD-82D5-E7E9BE347646}"
EndProject
Project("{FAE04EC0-301F-11D3-BF4B-00C04F79EFBC}") = "Meta Data", "Examples\Meta Data\Meta Data.csproj", "{F4B351DA-1474-4F6B-83D1-75B62CB19CD7}"
EndProject
Project("{FAE04EC0-301F-11D3-BF4B-00C04F79EFBC}") = "MVC", "Examples\MVC\MVC.csproj", "{608157FD-165C-40F4-AF79-BC812C9BC70E}"
	ProjectSection(ProjectDependencies) = postProject
		{9D658044-FB65-4939-8449-A3A1DEBBB31A} = {9D658044-FB65-4939-8449-A3A1DEBBB31A}
	EndProjectSection
EndProject
Project("{FAE04EC0-301F-11D3-BF4B-00C04F79EFBC}") = "Find Profiles", "Examples\Find Profiles\Find Profiles.csproj", "{B91129C0-224A-4AA7-BE18-C13EB2E2BDFD}"
EndProject
Project("{FAE04EC0-301F-11D3-BF4B-00C04F79EFBC}") = "All Profiles", "Examples\All Profiles\All Profiles.csproj", "{EA6A83FE-D698-4E4D-821E-1B5BCC22D501}"
EndProject
Global
	GlobalSection(SolutionConfigurationPlatforms) = preSolution
		Debug|x64 = Debug|x64
		Release|x64 = Release|x64
	EndGlobalSection
	GlobalSection(ProjectConfigurationPlatforms) = postSolution
		{A0A7C5CE-1B06-4BB3-AB9D-DB055C6EDF69}.Debug|x64.ActiveCfg = Debug|x64
		{A0A7C5CE-1B06-4BB3-AB9D-DB055C6EDF69}.Debug|x64.Build.0 = Debug|x64
		{A0A7C5CE-1B06-4BB3-AB9D-DB055C6EDF69}.Release|x64.ActiveCfg = Release|x64
		{A0A7C5CE-1B06-4BB3-AB9D-DB055C6EDF69}.Release|x64.Build.0 = Release|x64
		{9D658044-FB65-4939-8449-A3A1DEBBB31A}.Debug|x64.ActiveCfg = Debug|x64
		{9D658044-FB65-4939-8449-A3A1DEBBB31A}.Debug|x64.Build.0 = Debug|x64
		{9D658044-FB65-4939-8449-A3A1DEBBB31A}.Release|x64.ActiveCfg = Release|x64
		{9D658044-FB65-4939-8449-A3A1DEBBB31A}.Release|x64.Build.0 = Release|x64
		{1211A461-73CA-4D7E-86A7-983540F12539}.Debug|x64.ActiveCfg = Debug|x64
		{1211A461-73CA-4D7E-86A7-983540F12539}.Debug|x64.Build.0 = Debug|x64
		{1211A461-73CA-4D7E-86A7-983540F12539}.Release|x64.ActiveCfg = Release|x64
		{1211A461-73CA-4D7E-86A7-983540F12539}.Release|x64.Build.0 = Release|x64
		{6535DE09-9EFF-4876-9D65-6483EFD453AD}.Debug|x64.ActiveCfg = Debug|x64
		{6535DE09-9EFF-4876-9D65-6483EFD453AD}.Debug|x64.Build.0 = Debug|x64
		{6535DE09-9EFF-4876-9D65-6483EFD453AD}.Release|x64.ActiveCfg = Release|x64
		{6535DE09-9EFF-4876-9D65-6483EFD453AD}.Release|x64.Build.0 = Release|x64
		{324F06B4-50D5-4F6E-9DEE-2DA05B2B3B18}.Debug|x64.ActiveCfg = Debug|x64
		{324F06B4-50D5-4F6E-9DEE-2DA05B2B3B18}.Debug|x64.Build.0 = Debug|x64
		{324F06B4-50D5-4F6E-9DEE-2DA05B2B3B18}.Release|x64.ActiveCfg = Release|x64
		{324F06B4-50D5-4F6E-9DEE-2DA05B2B3B18}.Release|x64.Build.0 = Release|x64
		{069D6175-9007-40DD-A313-F63C9377A680}.Debug|x64.ActiveCfg = Debug|x64
		{069D6175-9007-40DD-A313-F63C9377A680}.Debug|x64.Build.0 = Debug|x64
		{069D6175-9007-40DD-A313-F63C9377A680}.Release|x64.ActiveCfg = Release|x64
		{069D6175-9007-40DD-A313-F63C9377A680}.Release|x64.Build.0 = Release|x64
		{FB500454-EC93-4FEA-BDD8-FBA018EF2C3C}.Debug|x64.ActiveCfg = Debug|x64
		{FB500454-EC93-4FEA-BDD8-FBA018EF2C3C}.Debug|x64.Build.0 = Debug|x64
		{FB500454-EC93-4FEA-BDD8-FBA018EF2C3C}.Release|x64.ActiveCfg = Release|x64
		{FB500454-EC93-4FEA-BDD8-FBA018EF2C3C}.Release|x64.Build.0 = Release|x64
		{DBA7559B-EF3C-496D-BDC7-9EF76A5D3EB9}.Debug|x64.ActiveCfg = Debug|x64
		{DBA7559B-EF3C-496D-BDC7-9EF76A5D3EB9}.Debug|x64.Build.0 = Debug|x64
		{DBA7559B-EF3C-496D-BDC7-9EF76A5D3EB9}.Release|x64.ActiveCfg = Release|x64
		{DBA7559B-EF3C-496D-BDC7-9EF76A5D3EB9}.Release|x64.Build.0 = Release|x64
		{091CBBA9-94C4-486B-B630-6533E787A489}.Debug|x64.ActiveCfg = Debug|x64
		{091CBBA9-94C4-486B-B630-6533E787A489}.Debug|x64.Build.0 = Debug|x64
		{091CBBA9-94C4-486B-B630-6533E787A489}.Release|x64.ActiveCfg = Release|x64
		{091CBBA9-94C4-486B-B630-6533E787A489}.Release|x64.Build.0 = Release|x64
		{9BD47A7B-6D73-46BD-82D5-E7E9BE347646}.Debug|x64.ActiveCfg = Debug|x64
		{9BD47A7B-6D73-46BD-82D5-E7E9BE347646}.Debug|x64.Build.0 = Debug|x64
		{9BD47A7B-6D73-46BD-82D5-E7E9BE347646}.Release|x64.ActiveCfg = Release|x64
		{9BD47A7B-6D73-46BD-82D5-E7E9BE347646}.Release|x64.Build.0 = Release|x64
		{F4B351DA-1474-4F6B-83D1-75B62CB19CD7}.Debug|x64.ActiveCfg = Debug|x64
		{F4B351DA-1474-4F6B-83D1-75B62CB19CD7}.Debug|x64.Build.0 = Debug|x64
		{F4B351DA-1474-4F6B-83D1-75B62CB19CD7}.Release|x64.ActiveCfg = Release|x64
		{F4B351DA-1474-4F6B-83D1-75B62CB19CD7}.Release|x64.Build.0 = Release|x64
		{608157FD-165C-40F4-AF79-BC812C9BC70E}.Debug|x64.ActiveCfg = Debug|x64
		{608157FD-165C-40F4-AF79-BC812C9BC70E}.Debug|x64.Build.0 = Debug|x64
		{608157FD-165C-40F4-AF79-BC812C9BC70E}.Release|x64.ActiveCfg = Release|x64
		{608157FD-165C-40F4-AF79-BC812C9BC70E}.Release|x64.Build.0 = Release|x64
		{B91129C0-224A-4AA7-BE18-C13EB2E2BDFD}.Debug|x64.ActiveCfg = Debug|x64
		{B91129C0-224A-4AA7-BE18-C13EB2E2BDFD}.Debug|x64.Build.0 = Debug|x64
		{B91129C0-224A-4AA7-BE18-C13EB2E2BDFD}.Release|x64.ActiveCfg = Release|x64
		{B91129C0-224A-4AA7-BE18-C13EB2E2BDFD}.Release|x64.Build.0 = Release|x64
		{EA6A83FE-D698-4E4D-821E-1B5BCC22D501}.Debug|x64.ActiveCfg = Debug|x64
		{EA6A83FE-D698-4E4D-821E-1B5BCC22D501}.Debug|x64.Build.0 = Debug|x64
		{EA6A83FE-D698-4E4D-821E-1B5BCC22D501}.Release|x64.ActiveCfg = Release|x64
		{EA6A83FE-D698-4E4D-821E-1B5BCC22D501}.Release|x64.Build.0 = Release|x64
	EndGlobalSection
	GlobalSection(SolutionProperties) = preSolution
		HideSolutionNode = FALSE
	EndGlobalSection
	GlobalSection(NestedProjects) = preSolution
		{1211A461-73CA-4D7E-86A7-983540F12539} = {03574514-2DED-49C5-BC2E-CA9F877A5108}
		{6535DE09-9EFF-4876-9D65-6483EFD453AD} = {03574514-2DED-49C5-BC2E-CA9F877A5108}
		{324F06B4-50D5-4F6E-9DEE-2DA05B2B3B18} = {03574514-2DED-49C5-BC2E-CA9F877A5108}
		{069D6175-9007-40DD-A313-F63C9377A680} = {1AB29287-EBE4-42DD-BCF6-95E5D1158E4C}
		{FB500454-EC93-4FEA-BDD8-FBA018EF2C3C} = {1AB29287-EBE4-42DD-BCF6-95E5D1158E4C}
		{DBA7559B-EF3C-496D-BDC7-9EF76A5D3EB9} = {1AB29287-EBE4-42DD-BCF6-95E5D1158E4C}
		{091CBBA9-94C4-486B-B630-6533E787A489} = {1AB29287-EBE4-42DD-BCF6-95E5D1158E4C}
		{9BD47A7B-6D73-46BD-82D5-E7E9BE347646} = {1AB29287-EBE4-42DD-BCF6-95E5D1158E4C}
		{F4B351DA-1474-4F6B-83D1-75B62CB19CD7} = {1AB29287-EBE4-42DD-BCF6-95E5D1158E4C}
		{608157FD-165C-40F4-AF79-BC812C9BC70E} = {1AB29287-EBE4-42DD-BCF6-95E5D1158E4C}
		{B91129C0-224A-4AA7-BE18-C13EB2E2BDFD} = {1AB29287-EBE4-42DD-BCF6-95E5D1158E4C}
		{EA6A83FE-D698-4E4D-821E-1B5BCC22D501} = {1AB29287-EBE4-42DD-BCF6-95E5D1158E4C}
	EndGlobalSection
EndGlobal
