
Microsoft Visual Studio Solution File, Format Version 10.00
# Visual Studio 2008
Project("{FAE04EC0-301F-11D3-BF4B-00C04F79EFBC}") = "Detector Web Site", "Detector Web Site\Detector Web Site.csproj", "{A0A7C5CE-1B06-4BB3-AB9D-DB055C6EDF69}"
EndProject
Project("{FAE04EC0-301F-11D3-BF4B-00C04F79EFBC}") = "FiftyOne.Foundation", "Foundation\FiftyOne.Foundation.csproj", "{2C9B0E11-2654-49AF-855A-BFA629F302E8}"
EndProject
Global
	GlobalSection(TeamFoundationVersionControl) = preSolution
		SccNumberOfProjects = 3
		SccEnterpriseProvider = {4CA58AB2-18FA-4F8D-95D4-32DDF27D184C}
		SccTeamFoundationServer = https://tfs.codeplex.com/tfs/TFS06
		SccLocalPath0 = .
		SccProjectUniqueName1 = Detector\u0020Web\u0020Site\\Detector\u0020Web\u0020Site.csproj
		SccProjectName1 = Detector\u0020Web\u0020Site
		SccLocalPath1 = Detector\u0020Web\u0020Site
		SccProjectUniqueName2 = Foundation\\FiftyOne.Foundation.csproj
		SccProjectName2 = Foundation
		SccLocalPath2 = Foundation
	EndGlobalSection
	GlobalSection(SolutionConfigurationPlatforms) = preSolution
		Bank|Any CPU = Bank|Any CPU
		Debug|Any CPU = Debug|Any CPU
		Live Tests|Any CPU = Live Tests|Any CPU
		Release|Any CPU = Release|Any CPU
		VER2|Any CPU = VER2|Any CPU
		VER4|Any CPU = VER4|Any CPU
	EndGlobalSection
	GlobalSection(ProjectConfigurationPlatforms) = postSolution
		{A0A7C5CE-1B06-4BB3-AB9D-DB055C6EDF69}.Bank|Any CPU.ActiveCfg = Bank|Any CPU
		{A0A7C5CE-1B06-4BB3-AB9D-DB055C6EDF69}.Bank|Any CPU.Build.0 = Bank|Any CPU
		{A0A7C5CE-1B06-4BB3-AB9D-DB055C6EDF69}.Debug|Any CPU.ActiveCfg = Debug|Any CPU
		{A0A7C5CE-1B06-4BB3-AB9D-DB055C6EDF69}.Debug|Any CPU.Build.0 = Debug|Any CPU
		{A0A7C5CE-1B06-4BB3-AB9D-DB055C6EDF69}.Live Tests|Any CPU.ActiveCfg = Live Tests|Any CPU
		{A0A7C5CE-1B06-4BB3-AB9D-DB055C6EDF69}.Live Tests|Any CPU.Build.0 = Live Tests|Any CPU
		{A0A7C5CE-1B06-4BB3-AB9D-DB055C6EDF69}.Release|Any CPU.ActiveCfg = Release|Any CPU
		{A0A7C5CE-1B06-4BB3-AB9D-DB055C6EDF69}.Release|Any CPU.Build.0 = Release|Any CPU
		{A0A7C5CE-1B06-4BB3-AB9D-DB055C6EDF69}.VER2|Any CPU.ActiveCfg = VER2|Any CPU
		{A0A7C5CE-1B06-4BB3-AB9D-DB055C6EDF69}.VER2|Any CPU.Build.0 = VER2|Any CPU
		{A0A7C5CE-1B06-4BB3-AB9D-DB055C6EDF69}.VER4|Any CPU.ActiveCfg = VER4|Any CPU
		{A0A7C5CE-1B06-4BB3-AB9D-DB055C6EDF69}.VER4|Any CPU.Build.0 = VER4|Any CPU
		{2C9B0E11-2654-49AF-855A-BFA629F302E8}.Bank|Any CPU.ActiveCfg = Bank|Any CPU
		{2C9B0E11-2654-49AF-855A-BFA629F302E8}.Bank|Any CPU.Build.0 = Bank|Any CPU
		{2C9B0E11-2654-49AF-855A-BFA629F302E8}.Debug|Any CPU.ActiveCfg = Debug|Any CPU
		{2C9B0E11-2654-49AF-855A-BFA629F302E8}.Debug|Any CPU.Build.0 = Debug|Any CPU
		{2C9B0E11-2654-49AF-855A-BFA629F302E8}.Live Tests|Any CPU.ActiveCfg = Live Tests|Any CPU
		{2C9B0E11-2654-49AF-855A-BFA629F302E8}.Live Tests|Any CPU.Build.0 = Live Tests|Any CPU
		{2C9B0E11-2654-49AF-855A-BFA629F302E8}.Release|Any CPU.ActiveCfg = Release|Any CPU
		{2C9B0E11-2654-49AF-855A-BFA629F302E8}.Release|Any CPU.Build.0 = Release|Any CPU
		{2C9B0E11-2654-49AF-855A-BFA629F302E8}.VER2|Any CPU.ActiveCfg = VER2|Any CPU
		{2C9B0E11-2654-49AF-855A-BFA629F302E8}.VER2|Any CPU.Build.0 = VER2|Any CPU
		{2C9B0E11-2654-49AF-855A-BFA629F302E8}.VER4|Any CPU.ActiveCfg = VER4|Any CPU
		{2C9B0E11-2654-49AF-855A-BFA629F302E8}.VER4|Any CPU.Build.0 = VER4|Any CPU
	EndGlobalSection
	GlobalSection(SolutionProperties) = preSolution
		HideSolutionNode = FALSE
	EndGlobalSection
EndGlobal
